
Microsoft Visual Studio Solution File, Format Version 12.00
# Visual Studio Version 16
VisualStudioVersion = 16.0.30907.101
MinimumVisualStudioVersion = 10.0.40219.1
Project("{FAE04EC0-301F-11D3-BF4B-00C04F79EFBC}") = "LogiranjeApp", "LogiranjeApp.csproj", "{64D4997A-B5C2-401F-A37C-55C758FEC371}"
EndProject
Global
	GlobalSection(SolutionConfigurationPlatforms) = preSolution
		Debug|Any CPU = Debug|Any CPU
		Release|Any CPU = Release|Any CPU
	EndGlobalSection
	GlobalSection(ProjectConfigurationPlatforms) = postSolution
		{64D4997A-B5C2-401F-A37C-55C758FEC371}.Debug|Any CPU.ActiveCfg = Debug|Any CPU
		{64D4997A-B5C2-401F-A37C-55C758FEC371}.Debug|Any CPU.Build.0 = Debug|Any CPU
		{64D4997A-B5C2-401F-A37C-55C758FEC371}.Release|Any CPU.ActiveCfg = Release|Any CPU
		{64D4997A-B5C2-401F-A37C-55C758FEC371}.Release|Any CPU.Build.0 = Release|Any CPU
	EndGlobalSection
	GlobalSection(SolutionProperties) = preSolution
		HideSolutionNode = FALSE
	EndGlobalSection
	GlobalSection(ExtensibilityGlobals) = postSolution
		SolutionGuid = {2AAEEF21-214C-43D4-B9A5-18938546A0D7}
	EndGlobalSection
EndGlobal
